
Microsoft Visual Studio Solution File, Format Version 12.00
# Visual Studio Version 17
VisualStudioVersion = 17.7.34031.279
MinimumVisualStudioVersion = 10.0.40219.1
Project("{FAE04EC0-301F-11D3-BF4B-00C04F79EFBC}") = "pryTPFinal", "pryTPFinal.csproj", "{D1300A94-E323-4C82-92B1-632B2B593467}"
EndProject
Global
	GlobalSection(SolutionConfigurationPlatforms) = preSolution
		Debug|Any CPU = Debug|Any CPU
		Release|Any CPU = Release|Any CPU
	EndGlobalSection
	GlobalSection(ProjectConfigurationPlatforms) = postSolution
		{D1300A94-E323-4C82-92B1-632B2B593467}.Debug|Any CPU.ActiveCfg = Debug|Any CPU
		{D1300A94-E323-4C82-92B1-632B2B593467}.Debug|Any CPU.Build.0 = Debug|Any CPU
		{D1300A94-E323-4C82-92B1-632B2B593467}.Release|Any CPU.ActiveCfg = Release|Any CPU
		{D1300A94-E323-4C82-92B1-632B2B593467}.Release|Any CPU.Build.0 = Release|Any CPU
	EndGlobalSection
	GlobalSection(SolutionProperties) = preSolution
		HideSolutionNode = FALSE
	EndGlobalSection
	GlobalSection(ExtensibilityGlobals) = postSolution
		SolutionGuid = {1CBC8F03-B494-44B7-906F-B53147697E2A}
	EndGlobalSection
EndGlobal
